// !$*UTF8*$!
{
	archiveVersion = 1;
	classes = {
	};
	objectVersion = 56;
	objects = {

/* Begin PBXBuildFile section */
		BE254FA129BFCFC3004FE9AE /* CarouselGeometryEffectApp.swift in Sources */ = {isa = PBXBuildFile; fileRef = BE254FA029BFCFC3004FE9AE /* CarouselGeometryEffectApp.swift */; };
		BE254FA329BFCFC3004FE9AE /* ContentView.swift in Sources */ = {isa = PBXBuildFile; fileRef = BE254FA229BFCFC3004FE9AE /* ContentView.swift */; };
		BE254FA529BFCFC5004FE9AE /* Assets.xcassets in Resources */ = {isa = PBXBuildFile; fileRef = BE254FA429BFCFC5004FE9AE /* Assets.xcassets */; };
		BE254FA829BFCFC5004FE9AE /* Preview Assets.xcassets in Resources */ = {isa = PBXBuildFile; fileRef = BE254FA729BFCFC5004FE9AE /* Preview Assets.xcassets */; };
		BE254FB129BFD05A004FE9AE /* Book.swift in Sources */ = {isa = PBXBuildFile; fileRef = BE254FB029BFD05A004FE9AE /* Book.swift */; };
		BE254FB329BFD074004FE9AE /* Home.swift in Sources */ = {isa = PBXBuildFile; fileRef = BE254FB229BFD074004FE9AE /* Home.swift */; };
		BE254FB529C015D2004FE9AE /* RatingView.swift in Sources */ = {isa = PBXBuildFile; fileRef = BE254FB429C015D2004FE9AE /* RatingView.swift */; };
		BE254FB729C01602004FE9AE /* ScrollViewDetector.swift in Sources */ = {isa = PBXBuildFile; fileRef = BE254FB629C01602004FE9AE /* ScrollViewDetector.swift */; };
		BE254FB929C01626004FE9AE /* DetailView.swift in Sources */ = {isa = PBXBuildFile; fileRef = BE254FB829C01626004FE9AE /* DetailView.swift */; };
		BE254FBB29C01A81004FE9AE /* CustomCorners.swift in Sources */ = {isa = PBXBuildFile; fileRef = BE254FBA29C01A81004FE9AE /* CustomCorners.swift */; };
/* End PBXBuildFile section */

/* Begin PBXFileReference section */
		BE254F9D29BFCFC3004FE9AE /* CarouselGeometryEffect.app */ = {isa = PBXFileReference; explicitFileType = wrapper.application; includeInIndex = 0; path = CarouselGeometryEffect.app; sourceTree = BUILT_PRODUCTS_DIR; };
		BE254FA029BFCFC3004FE9AE /* CarouselGeometryEffectApp.swift */ = {isa = PBXFileReference; lastKnownFileType = sourcecode.swift; path = CarouselGeometryEffectApp.swift; sourceTree = "<group>"; };
		BE254FA229BFCFC3004FE9AE /* ContentView.swift */ = {isa = PBXFileReference; lastKnownFileType = sourcecode.swift; path = ContentView.swift; sourceTree = "<group>"; };
		BE254FA429BFCFC5004FE9AE /* Assets.xcassets */ = {isa = PBXFileReference; lastKnownFileType = folder.assetcatalog; path = Assets.xcassets; sourceTree = "<group>"; };
		BE254FA729BFCFC5004FE9AE /* Preview Assets.xcassets */ = {isa = PBXFileReference; lastKnownFileType = folder.assetcatalog; path = "Preview Assets.xcassets"; sourceTree = "<group>"; };
		BE254FB029BFD05A004FE9AE /* Book.swift */ = {isa = PBXFileReference; lastKnownFileType = sourcecode.swift; path = Book.swift; sourceTree = "<group>"; };
		BE254FB229BFD074004FE9AE /* Home.swift */ = {isa = PBXFileReference; lastKnownFileType = sourcecode.swift; path = Home.swift; sourceTree = "<group>"; };
		BE254FB429C015D2004FE9AE /* RatingView.swift */ = {isa = PBXFileReference; lastKnownFileType = sourcecode.swift; path = RatingView.swift; sourceTree = "<group>"; };
		BE254FB629C01602004FE9AE /* ScrollViewDetector.swift */ = {isa = PBXFileReference; lastKnownFileType = sourcecode.swift; path = ScrollViewDetector.swift; sourceTree = "<group>"; };
		BE254FB829C01626004FE9AE /* DetailView.swift */ = {isa = PBXFileReference; lastKnownFileType = sourcecode.swift; path = DetailView.swift; sourceTree = "<group>"; };
		BE254FBA29C01A81004FE9AE /* CustomCorners.swift */ = {isa = PBXFileReference; lastKnownFileType = sourcecode.swift; path = CustomCorners.swift; sourceTree = "<group>"; };
/* End PBXFileReference section */

/* Begin PBXFrameworksBuildPhase section */
		BE254F9A29BFCFC3004FE9AE /* Frameworks */ = {
			isa = PBXFrameworksBuildPhase;
			buildActionMask = 2147483647;
			files = (
			);
			runOnlyForDeploymentPostprocessing = 0;
		};
/* End PBXFrameworksBuildPhase section */

/* Begin PBXGroup section */
		BE254F9429BFCFC3004FE9AE = {
			isa = PBXGroup;
			children = (
				BE254F9F29BFCFC3004FE9AE /* CarouselGeometryEffect */,
				BE254F9E29BFCFC3004FE9AE /* Products */,
			);
			sourceTree = "<group>";
		};
		BE254F9E29BFCFC3004FE9AE /* Products */ = {
			isa = PBXGroup;
			children = (
				BE254F9D29BFCFC3004FE9AE /* CarouselGeometryEffect.app */,
			);
			name = Products;
			sourceTree = "<group>";
		};
		BE254F9F29BFCFC3004FE9AE /* CarouselGeometryEffect */ = {
			isa = PBXGroup;
			children = (
				BE254FA029BFCFC3004FE9AE /* CarouselGeometryEffectApp.swift */,
				BE254FA229BFCFC3004FE9AE /* ContentView.swift */,
				BE254FAE29BFD03A004FE9AE /* View */,
				BE254FAF29BFD041004FE9AE /* Model */,
				BE254FA429BFCFC5004FE9AE /* Assets.xcassets */,
				BE254FA629BFCFC5004FE9AE /* Preview Content */,
			);
			path = CarouselGeometryEffect;
			sourceTree = "<group>";
		};
		BE254FA629BFCFC5004FE9AE /* Preview Content */ = {
			isa = PBXGroup;
			children = (
				BE254FA729BFCFC5004FE9AE /* Preview Assets.xcassets */,
			);
			path = "Preview Content";
			sourceTree = "<group>";
		};
		BE254FAE29BFD03A004FE9AE /* View */ = {
			isa = PBXGroup;
			children = (
				BE254FB229BFD074004FE9AE /* Home.swift */,
				BE254FB829C01626004FE9AE /* DetailView.swift */,
				BE254FB429C015D2004FE9AE /* RatingView.swift */,
				BE254FB629C01602004FE9AE /* ScrollViewDetector.swift */,
				BE254FBA29C01A81004FE9AE /* CustomCorners.swift */,
			);
			path = View;
			sourceTree = "<group>";
		};
		BE254FAF29BFD041004FE9AE /* Model */ = {
			isa = PBXGroup;
			children = (
				BE254FB029BFD05A004FE9AE /* Book.swift */,
			);
			path = Model;
			sourceTree = "<group>";
		};
/* End PBXGroup section */

/* Begin PBXNativeTarget section */
		BE254F9C29BFCFC3004FE9AE /* CarouselGeometryEffect */ = {
			isa = PBXNativeTarget;
			buildConfigurationList = BE254FAB29BFCFC5004FE9AE /* Build configuration list for PBXNativeTarget "CarouselGeometryEffect" */;
			buildPhases = (
				BE254F9929BFCFC3004FE9AE /* Sources */,
				BE254F9A29BFCFC3004FE9AE /* Frameworks */,
				BE254F9B29BFCFC3004FE9AE /* Resources */,
			);
			buildRules = (
			);
			dependencies = (
			);
			name = CarouselGeometryEffect;
			productName = CarouselGeometryEffect;
			productReference = BE254F9D29BFCFC3004FE9AE /* CarouselGeometryEffect.app */;
			productType = "com.apple.product-type.application";
		};
/* End PBXNativeTarget section */

/* Begin PBXProject section */
		BE254F9529BFCFC3004FE9AE /* Project object */ = {
			isa = PBXProject;
			attributes = {
				BuildIndependentTargetsInParallel = 1;
				LastSwiftUpdateCheck = 1420;
				LastUpgradeCheck = 1420;
				TargetAttributes = {
					BE254F9C29BFCFC3004FE9AE = {
						CreatedOnToolsVersion = 14.2;
					};
				};
			};
			buildConfigurationList = BE254F9829BFCFC3004FE9AE /* Build configuration list for PBXProject "CarouselGeometryEffect" */;
			compatibilityVersion = "Xcode 14.0";
			developmentRegion = en;
			hasScannedForEncodings = 0;
			knownRegions = (
				en,
				Base,
			);
			mainGroup = BE254F9429BFCFC3004FE9AE;
			productRefGroup = BE254F9E29BFCFC3004FE9AE /* Products */;
			projectDirPath = "";
			projectRoot = "";
			targets = (
				BE254F9C29BFCFC3004FE9AE /* CarouselGeometryEffect */,
			);
		};
/* End PBXProject section */

/* Begin PBXResourcesBuildPhase section */
		BE254F9B29BFCFC3004FE9AE /* Resources */ = {
			isa = PBXResourcesBuildPhase;
			buildActionMask = 2147483647;
			files = (
				BE254FA829BFCFC5004FE9AE /* Preview Assets.xcassets in Resources */,
				BE254FA529BFCFC5004FE9AE /* Assets.xcassets in Resources */,
			);
			runOnlyForDeploymentPostprocessing = 0;
		};
/* End PBXResourcesBuildPhase section */

/* Begin PBXSourcesBuildPhase section */
		BE254F9929BFCFC3004FE9AE /* Sources */ = {
			isa = PBXSourcesBuildPhase;
			buildActionMask = 2147483647;
			files = (
				BE254FA329BFCFC3004FE9AE /* ContentView.swift in Sources */,
				BE254FA129BFCFC3004FE9AE /* CarouselGeometryEffectApp.swift in Sources */,
				BE254FB329BFD074004FE9AE /* Home.swift in Sources */,
				BE254FB929C01626004FE9AE /* DetailView.swift in Sources */,
				BE254FB729C01602004FE9AE /* ScrollViewDetector.swift in Sources */,
				BE254FBB29C01A81004FE9AE /* CustomCorners.swift in Sources */,
				BE254FB529C015D2004FE9AE /* RatingView.swift in Sources */,
				BE254FB129BFD05A004FE9AE /* Book.swift in Sources */,
			);
			runOnlyForDeploymentPostprocessing = 0;
		};
/* End PBXSourcesBuildPhase section */

/* Begin XCBuildConfiguration section */
		BE254FA929BFCFC5004FE9AE /* Debug */ = {
			isa = XCBuildConfiguration;
			buildSettings = {
				ALWAYS_SEARCH_USER_PATHS = NO;
				CLANG_ANALYZER_NONNULL = YES;
				CLANG_ANALYZER_NUMBER_OBJECT_CONVERSION = YES_AGGRESSIVE;
				CLANG_CXX_LANGUAGE_STANDARD = "gnu++20";
				CLANG_ENABLE_MODULES = YES;
				CLANG_ENABLE_OBJC_ARC = YES;
				CLANG_ENABLE_OBJC_WEAK = YES;
				CLANG_WARN_BLOCK_CAPTURE_AUTORELEASING = YES;
				CLANG_WARN_BOOL_CONVERSION = YES;
				CLANG_WARN_COMMA = YES;
				CLANG_WARN_CONSTANT_CONVERSION = YES;
				CLANG_WARN_DEPRECATED_OBJC_IMPLEMENTATIONS = YES;
				CLANG_WARN_DIRECT_OBJC_ISA_USAGE = YES_ERROR;
				CLANG_WARN_DOCUMENTATION_COMMENTS = YES;
				CLANG_WARN_EMPTY_BODY = YES;
				CLANG_WARN_ENUM_CONVERSION = YES;
				CLANG_WARN_INFINITE_RECURSION = YES;
				CLANG_WARN_INT_CONVERSION = YES;
				CLANG_WARN_NON_LITERAL_NULL_CONVERSION = YES;
				CLANG_WARN_OBJC_IMPLICIT_RETAIN_SELF = YES;
				CLANG_WARN_OBJC_LITERAL_CONVERSION = YES;
				CLANG_WARN_OBJC_ROOT_CLASS = YES_ERROR;
				CLANG_WARN_QUOTED_INCLUDE_IN_FRAMEWORK_HEADER = YES;
				CLANG_WARN_RANGE_LOOP_ANALYSIS = YES;
				CLANG_WARN_STRICT_PROTOTYPES = YES;
				CLANG_WARN_SUSPICIOUS_MOVE = YES;
				CLANG_WARN_UNGUARDED_AVAILABILITY = YES_AGGRESSIVE;
				CLANG_WARN_UNREACHABLE_CODE = YES;
				CLANG_WARN__DUPLICATE_METHOD_MATCH = YES;
				COPY_PHASE_STRIP = NO;
				DEBUG_INFORMATION_FORMAT = dwarf;
				ENABLE_STRICT_OBJC_MSGSEND = YES;
				ENABLE_TESTABILITY = YES;
				GCC_C_LANGUAGE_STANDARD = gnu11;
				GCC_DYNAMIC_NO_PIC = NO;
				GCC_NO_COMMON_BLOCKS = YES;
				GCC_OPTIMIZATION_LEVEL = 0;
				GCC_PREPROCESSOR_DEFINITIONS = (
					"DEBUG=1",
					"$(inherited)",
				);
				GCC_WARN_64_TO_32_BIT_CONVERSION = YES;
				GCC_WARN_ABOUT_RETURN_TYPE = YES_ERROR;
				GCC_WARN_UNDECLARED_SELECTOR = YES;
				GCC_WARN_UNINITIALIZED_AUTOS = YES_AGGRESSIVE;
				GCC_WARN_UNUSED_FUNCTION = YES;
				GCC_WARN_UNUSED_VARIABLE = YES;
				IPHONEOS_DEPLOYMENT_TARGET = 16.2;
				MTL_ENABLE_DEBUG_INFO = INCLUDE_SOURCE;
				MTL_FAST_MATH = YES;
				ONLY_ACTIVE_ARCH = YES;
				SDKROOT = iphoneos;
				SWIFT_ACTIVE_COMPILATION_CONDITIONS = DEBUG;
				SWIFT_OPTIMIZATION_LEVEL = "-Onone";
			};
			name = Debug;
		};
		BE254FAA29BFCFC5004FE9AE /* Release */ = {
			isa = XCBuildConfiguration;
			buildSettings = {
				ALWAYS_SEARCH_USER_PATHS = NO;
				CLANG_ANALYZER_NONNULL = YES;
				CLANG_ANALYZER_NUMBER_OBJECT_CONVERSION = YES_AGGRESSIVE;
				CLANG_CXX_LANGUAGE_STANDARD = "gnu++20";
				CLANG_ENABLE_MODULES = YES;
				CLANG_ENABLE_OBJC_ARC = YES;
				CLANG_ENABLE_OBJC_WEAK = YES;
				CLANG_WARN_BLOCK_CAPTURE_AUTORELEASING = YES;
				CLANG_WARN_BOOL_CONVERSION = YES;
				CLANG_WARN_COMMA = YES;
				CLANG_WARN_CONSTANT_CONVERSION = YES;
				CLANG_WARN_DEPRECATED_OBJC_IMPLEMENTATIONS = YES;
				CLANG_WARN_DIRECT_OBJC_ISA_USAGE = YES_ERROR;
				CLANG_WARN_DOCUMENTATION_COMMENTS = YES;
				CLANG_WARN_EMPTY_BODY = YES;
				CLANG_WARN_ENUM_CONVERSION = YES;
				CLANG_WARN_INFINITE_RECURSION = YES;
				CLANG_WARN_INT_CONVERSION = YES;
				CLANG_WARN_NON_LITERAL_NULL_CONVERSION = YES;
				CLANG_WARN_OBJC_IMPLICIT_RETAIN_SELF = YES;
				CLANG_WARN_OBJC_LITERAL_CONVERSION = YES;
				CLANG_WARN_OBJC_ROOT_CLASS = YES_ERROR;
				CLANG_WARN_QUOTED_INCLUDE_IN_FRAMEWORK_HEADER = YES;
				CLANG_WARN_RANGE_LOOP_ANALYSIS = YES;
				CLANG_WARN_STRICT_PROTOTYPES = YES;
				CLANG_WARN_SUSPICIOUS_MOVE = YES;
				CLANG_WARN_UNGUARDED_AVAILABILITY = YES_AGGRESSIVE;
				CLANG_WARN_UNREACHABLE_CODE = YES;
				CLANG_WARN__DUPLICATE_METHOD_MATCH = YES;
				COPY_PHASE_STRIP = NO;
				DEBUG_INFORMATION_FORMAT = "dwarf-with-dsym";
				ENABLE_NS_ASSERTIONS = NO;
				ENABLE_STRICT_OBJC_MSGSEND = YES;
				GCC_C_LANGUAGE_STANDARD = gnu11;
				GCC_NO_COMMON_BLOCKS = YES;
				GCC_WARN_64_TO_32_BIT_CONVERSION = YES;
				GCC_WARN_ABOUT_RETURN_TYPE = YES_ERROR;
				GCC_WARN_UNDECLARED_SELECTOR = YES;
				GCC_WARN_UNINITIALIZED_AUTOS = YES_AGGRESSIVE;
				GCC_WARN_UNUSED_FUNCTION = YES;
				GCC_WARN_UNUSED_VARIABLE = YES;
				IPHONEOS_DEPLOYMENT_TARGET = 16.2;
				MTL_ENABLE_DEBUG_INFO = NO;
				MTL_FAST_MATH = YES;
				SDKROOT = iphoneos;
				SWIFT_COMPILATION_MODE = wholemodule;
				SWIFT_OPTIMIZATION_LEVEL = "-O";
				VALIDATE_PRODUCT = YES;
			};
			name = Release;
		};
		BE254FAC29BFCFC5004FE9AE /* Debug */ = {
			isa = XCBuildConfiguration;
			buildSettings = {
				ASSETCATALOG_COMPILER_APPICON_NAME = AppIcon;
				ASSETCATALOG_COMPILER_GLOBAL_ACCENT_COLOR_NAME = AccentColor;
				CODE_SIGN_STYLE = Automatic;
				CURRENT_PROJECT_VERSION = 1;
				DEVELOPMENT_ASSET_PATHS = "\"CarouselGeometryEffect/Preview Content\"";
				DEVELOPMENT_TEAM = H999WST5QF;
				ENABLE_PREVIEWS = YES;
				GENERATE_INFOPLIST_FILE = YES;
				INFOPLIST_KEY_UIApplicationSceneManifest_Generation = YES;
				INFOPLIST_KEY_UIApplicationSupportsIndirectInputEvents = YES;
				INFOPLIST_KEY_UILaunchScreen_Generation = YES;
				INFOPLIST_KEY_UISupportedInterfaceOrientations_iPad = "UIInterfaceOrientationPortrait UIInterfaceOrientationPortraitUpsideDown UIInterfaceOrientationLandscapeLeft UIInterfaceOrientationLandscapeRight";
				INFOPLIST_KEY_UISupportedInterfaceOrientations_iPhone = "UIInterfaceOrientationPortrait UIInterfaceOrientationLandscapeLeft UIInterfaceOrientationLandscapeRight";
				IPHONEOS_DEPLOYMENT_TARGET = 16.0;
				LD_RUNPATH_SEARCH_PATHS = (
					"$(inherited)",
					"@executable_path/Frameworks",
				);
				MARKETING_VERSION = 1.0;
				PRODUCT_BUNDLE_IDENTIFIER = com.gmail.kennsuke242424.CarouselGeometryEffect;
				PRODUCT_NAME = "$(TARGET_NAME)";
				SWIFT_EMIT_LOC_STRINGS = YES;
				SWIFT_VERSION = 5.0;
				TARGETED_DEVICE_FAMILY = "1,2";
			};
			name = Debug;
		};
		BE254FAD29BFCFC5004FE9AE /* Release */ = {
			isa = XCBuildConfiguration;
			buildSettings = {
				ASSETCATALOG_COMPILER_APPICON_NAME = AppIcon;
				ASSETCATALOG_COMPILER_GLOBAL_ACCENT_COLOR_NAME = AccentColor;
				CODE_SIGN_STYLE = Automatic;
				CURRENT_PROJECT_VERSION = 1;
				DEVELOPMENT_ASSET_PATHS = "\"CarouselGeometryEffect/Preview Content\"";
				DEVELOPMENT_TEAM = H999WST5QF;
				ENABLE_PREVIEWS = YES;
				GENERATE_INFOPLIST_FILE = YES;
				INFOPLIST_KEY_UIApplicationSceneManifest_Generation = YES;
				INFOPLIST_KEY_UIApplicationSupportsIndirectInputEvents = YES;
				INFOPLIST_KEY_UILaunchScreen_Generation = YES;
				INFOPLIST_KEY_UISupportedInterfaceOrientations_iPad = "UIInterfaceOrientationPortrait UIInterfaceOrientationPortraitUpsideDown UIInterfaceOrientationLandscapeLeft UIInterfaceOrientationLandscapeRight";
				INFOPLIST_KEY_UISupportedInterfaceOrientations_iPhone = "UIInterfaceOrientationPortrait UIInterfaceOrientationLandscapeLeft UIInterfaceOrientationLandscapeRight";
				IPHONEOS_DEPLOYMENT_TARGET = 16.0;
				LD_RUNPATH_SEARCH_PATHS = (
					"$(inherited)",
					"@executable_path/Frameworks",
				);
				MARKETING_VERSION = 1.0;
				PRODUCT_BUNDLE_IDENTIFIER = com.gmail.kennsuke242424.CarouselGeometryEffect;
				PRODUCT_NAME = "$(TARGET_NAME)";
				SWIFT_EMIT_LOC_STRINGS = YES;
				SWIFT_VERSION = 5.0;
				TARGETED_DEVICE_FAMILY = "1,2";
			};
			name = Release;
		};
/* End XCBuildConfiguration section */

/* Begin XCConfigurationList section */
		BE254F9829BFCFC3004FE9AE /* Build configuration list for PBXProject "CarouselGeometryEffect" */ = {
			isa = XCConfigurationList;
			buildConfigurations = (
				BE254FA929BFCFC5004FE9AE /* Debug */,
				BE254FAA29BFCFC5004FE9AE /* Release */,
			);
			defaultConfigurationIsVisible = 0;
			defaultConfigurationName = Release;
		};
		BE254FAB29BFCFC5004FE9AE /* Build configuration list for PBXNativeTarget "CarouselGeometryEffect" */ = {
			isa = XCConfigurationList;
			buildConfigurations = (
				BE254FAC29BFCFC5004FE9AE /* Debug */,
				BE254FAD29BFCFC5004FE9AE /* Release */,
			);
			defaultConfigurationIsVisible = 0;
			defaultConfigurationName = Release;
		};
/* End XCConfigurationList section */
	};
	rootObject = BE254F9529BFCFC3004FE9AE /* Project object */;
}
